// !$*UTF8*$!
{
	archiveVersion = 1;
	classes = {
	};
	objectVersion = 46;
	objects = {

/* Begin PBXBuildFile section */
		586BBB1515470FFE00332DED /* Foundation.framework in Frameworks */ = {isa = PBXBuildFile; fileRef = 586BBAE015470CF600332DED /* Foundation.framework */; };
		586BBB25154710E300332DED /* ASPEngine.h in Headers */ = {isa = PBXBuildFile; fileRef = 586BBB1F154710E300332DED /* ASPEngine.h */; settings = {ATTRIBUTES = (Public, ); }; };
		586BBB26154710E300332DED /* ASPGLKVector2Extension.h in Headers */ = {isa = PBXBuildFile; fileRef = 586BBB20154710E300332DED /* ASPGLKVector2Extension.h */; settings = {ATTRIBUTES = (Private, ); }; };
		586BBB27154710E300332DED /* ASPGLKViewController.h in Headers */ = {isa = PBXBuildFile; fileRef = 586BBB21154710E300332DED /* ASPGLKViewController.h */; settings = {ATTRIBUTES = (Private, ); }; };
		586BBB28154710E300332DED /* ASPGLKViewController.m in Sources */ = {isa = PBXBuildFile; fileRef = 586BBB22154710E300332DED /* ASPGLKViewController.m */; };
		586BBB29154710E300332DED /* ASPGLSprite.h in Headers */ = {isa = PBXBuildFile; fileRef = 586BBB23154710E300332DED /* ASPGLSprite.h */; settings = {ATTRIBUTES = (Private, ); }; };
		586BBB2A154710E300332DED /* ASPGLSprite.m in Sources */ = {isa = PBXBuildFile; fileRef = 586BBB24154710E300332DED /* ASPGLSprite.m */; };
		586BBB2B154710EB00332DED /* UIKit.framework in Frameworks */ = {isa = PBXBuildFile; fileRef = 586BBAFF15470DE800332DED /* UIKit.framework */; };
		586BBB2C154710EB00332DED /* QuartzCore.framework in Frameworks */ = {isa = PBXBuildFile; fileRef = 586BBAFD15470DDE00332DED /* QuartzCore.framework */; };
		586BBB2D154710EB00332DED /* OpenGLES.framework in Frameworks */ = {isa = PBXBuildFile; fileRef = 586BBAFB15470DD800332DED /* OpenGLES.framework */; };
		586BBB2E154710EB00332DED /* GLKit.framework in Frameworks */ = {isa = PBXBuildFile; fileRef = 586BBAF915470DD200332DED /* GLKit.framework */; };
/* End PBXBuildFile section */

/* Begin PBXFileReference section */
		586BBAE015470CF600332DED /* Foundation.framework */ = {isa = PBXFileReference; lastKnownFileType = wrapper.framework; name = Foundation.framework; path = System/Library/Frameworks/Foundation.framework; sourceTree = SDKROOT; };
		586BBAE415470CF600332DED /* ASPEngine-Prefix.pch */ = {isa = PBXFileReference; lastKnownFileType = sourcecode.c.h; path = "ASPEngine-Prefix.pch"; sourceTree = "<group>"; };
		586BBAF915470DD200332DED /* GLKit.framework */ = {isa = PBXFileReference; lastKnownFileType = wrapper.framework; name = GLKit.framework; path = System/Library/Frameworks/GLKit.framework; sourceTree = SDKROOT; };
		586BBAFB15470DD800332DED /* OpenGLES.framework */ = {isa = PBXFileReference; lastKnownFileType = wrapper.framework; name = OpenGLES.framework; path = System/Library/Frameworks/OpenGLES.framework; sourceTree = SDKROOT; };
		586BBAFD15470DDE00332DED /* QuartzCore.framework */ = {isa = PBXFileReference; lastKnownFileType = wrapper.framework; name = QuartzCore.framework; path = System/Library/Frameworks/QuartzCore.framework; sourceTree = SDKROOT; };
		586BBAFF15470DE800332DED /* UIKit.framework */ = {isa = PBXFileReference; lastKnownFileType = wrapper.framework; name = UIKit.framework; path = System/Library/Frameworks/UIKit.framework; sourceTree = SDKROOT; };
		586BBB1415470FFE00332DED /* libASPEngine.a */ = {isa = PBXFileReference; explicitFileType = archive.ar; includeInIndex = 0; path = libASPEngine.a; sourceTree = BUILT_PRODUCTS_DIR; };
		586BBB1F154710E300332DED /* ASPEngine.h */ = {isa = PBXFileReference; fileEncoding = 4; lastKnownFileType = sourcecode.c.h; path = ASPEngine.h; sourceTree = "<group>"; };
		586BBB20154710E300332DED /* ASPGLKVector2Extension.h */ = {isa = PBXFileReference; fileEncoding = 4; lastKnownFileType = sourcecode.c.h; path = ASPGLKVector2Extension.h; sourceTree = "<group>"; };
		586BBB21154710E300332DED /* ASPGLKViewController.h */ = {isa = PBXFileReference; fileEncoding = 4; lastKnownFileType = sourcecode.c.h; path = ASPGLKViewController.h; sourceTree = "<group>"; };
		586BBB22154710E300332DED /* ASPGLKViewController.m */ = {isa = PBXFileReference; fileEncoding = 4; lastKnownFileType = sourcecode.c.objc; path = ASPGLKViewController.m; sourceTree = "<group>"; };
		586BBB23154710E300332DED /* ASPGLSprite.h */ = {isa = PBXFileReference; fileEncoding = 4; lastKnownFileType = sourcecode.c.h; path = ASPGLSprite.h; sourceTree = "<group>"; };
		586BBB24154710E300332DED /* ASPGLSprite.m */ = {isa = PBXFileReference; fileEncoding = 4; lastKnownFileType = sourcecode.c.objc; path = ASPGLSprite.m; sourceTree = "<group>"; };
/* End PBXFileReference section */

/* Begin PBXFrameworksBuildPhase section */
		586BBB1115470FFE00332DED /* Frameworks */ = {
			isa = PBXFrameworksBuildPhase;
			buildActionMask = 2147483647;
			files = (
				586BBB1515470FFE00332DED /* Foundation.framework in Frameworks */,
				586BBB2B154710EB00332DED /* UIKit.framework in Frameworks */,
				586BBB2C154710EB00332DED /* QuartzCore.framework in Frameworks */,
				586BBB2D154710EB00332DED /* OpenGLES.framework in Frameworks */,
				586BBB2E154710EB00332DED /* GLKit.framework in Frameworks */,
			);
			runOnlyForDeploymentPostprocessing = 0;
		};
/* End PBXFrameworksBuildPhase section */

/* Begin PBXGroup section */
		586BBAD215470CF600332DED = {
			isa = PBXGroup;
			children = (
				586BBAE215470CF600332DED /* ASPEngine */,
				586BBADF15470CF600332DED /* Frameworks */,
				586BBADE15470CF600332DED /* Products */,
			);
			sourceTree = "<group>";
		};
		586BBADE15470CF600332DED /* Products */ = {
			isa = PBXGroup;
			children = (
				586BBB1415470FFE00332DED /* libASPEngine.a */,
			);
			name = Products;
			sourceTree = "<group>";
		};
		586BBADF15470CF600332DED /* Frameworks */ = {
			isa = PBXGroup;
			children = (
				586BBAFF15470DE800332DED /* UIKit.framework */,
				586BBAFD15470DDE00332DED /* QuartzCore.framework */,
				586BBAFB15470DD800332DED /* OpenGLES.framework */,
				586BBAF915470DD200332DED /* GLKit.framework */,
				586BBAE015470CF600332DED /* Foundation.framework */,
			);
			name = Frameworks;
			sourceTree = "<group>";
		};
		586BBAE215470CF600332DED /* ASPEngine */ = {
			isa = PBXGroup;
			children = (
				58EDA2531547411F00595BC8 /* Headers */,
				586BBB22154710E300332DED /* ASPGLKViewController.m */,
				586BBB24154710E300332DED /* ASPGLSprite.m */,
				586BBAE315470CF600332DED /* Supporting Files */,
			);
			path = ASPEngine;
			sourceTree = "<group>";
		};
		586BBAE315470CF600332DED /* Supporting Files */ = {
			isa = PBXGroup;
			children = (
				586BBAE415470CF600332DED /* ASPEngine-Prefix.pch */,
			);
			name = "Supporting Files";
			sourceTree = "<group>";
		};
		58EDA2531547411F00595BC8 /* Headers */ = {
			isa = PBXGroup;
			children = (
				586BBB1F154710E300332DED /* ASPEngine.h */,
				586BBB20154710E300332DED /* ASPGLKVector2Extension.h */,
				586BBB21154710E300332DED /* ASPGLKViewController.h */,
				586BBB23154710E300332DED /* ASPGLSprite.h */,
			);
			name = Headers;
			sourceTree = "<group>";
		};
/* End PBXGroup section */

/* Begin PBXHeadersBuildPhase section */
		586BBB1215470FFE00332DED /* Headers */ = {
			isa = PBXHeadersBuildPhase;
			buildActionMask = 2147483647;
			files = (
				586BBB25154710E300332DED /* ASPEngine.h in Headers */,
				586BBB26154710E300332DED /* ASPGLKVector2Extension.h in Headers */,
				586BBB27154710E300332DED /* ASPGLKViewController.h in Headers */,
				586BBB29154710E300332DED /* ASPGLSprite.h in Headers */,
			);
			runOnlyForDeploymentPostprocessing = 0;
		};
/* End PBXHeadersBuildPhase section */

/* Begin PBXNativeTarget section */
		586BBB1315470FFE00332DED /* ASPEngine */ = {
			isa = PBXNativeTarget;
			buildConfigurationList = 586BBB1C15470FFE00332DED /* Build configuration list for PBXNativeTarget "ASPEngine" */;
			buildPhases = (
				586BBB1015470FFE00332DED /* Sources */,
				586BBB1115470FFE00332DED /* Frameworks */,
				586BBB1215470FFE00332DED /* Headers */,
			);
			buildRules = (
			);
			dependencies = (
			);
			name = ASPEngine;
			productName = ASPEngine;
			productReference = 586BBB1415470FFE00332DED /* libASPEngine.a */;
			productType = "com.apple.product-type.library.static";
		};
/* End PBXNativeTarget section */

/* Begin PBXProject section */
		586BBAD415470CF600332DED /* Project object */ = {
			isa = PBXProject;
			attributes = {
				LastUpgradeCheck = 0430;
				ORGANIZATIONNAME = "MIPT iLab";
			};
			buildConfigurationList = 586BBAD715470CF600332DED /* Build configuration list for PBXProject "ASPEngine" */;
			compatibilityVersion = "Xcode 3.2";
			developmentRegion = English;
			hasScannedForEncodings = 0;
			knownRegions = (
				en,
			);
			mainGroup = 586BBAD215470CF600332DED;
			productRefGroup = 586BBADE15470CF600332DED /* Products */;
			projectDirPath = "";
			projectRoot = "";
			targets = (
				586BBB1315470FFE00332DED /* ASPEngine */,
			);
		};
/* End PBXProject section */

/* Begin PBXSourcesBuildPhase section */
		586BBB1015470FFE00332DED /* Sources */ = {
			isa = PBXSourcesBuildPhase;
			buildActionMask = 2147483647;
			files = (
				586BBB28154710E300332DED /* ASPGLKViewController.m in Sources */,
				586BBB2A154710E300332DED /* ASPGLSprite.m in Sources */,
			);
			runOnlyForDeploymentPostprocessing = 0;
		};
/* End PBXSourcesBuildPhase section */

/* Begin XCBuildConfiguration section */
		586BBAE815470CF600332DED /* Debug */ = {
			isa = XCBuildConfiguration;
			buildSettings = {
				ALWAYS_SEARCH_USER_PATHS = NO;
				ARCHS = "$(ARCHS_STANDARD_32_BIT)";
				CLANG_ENABLE_OBJC_ARC = YES;
				COPY_PHASE_STRIP = NO;
				GCC_C_LANGUAGE_STANDARD = gnu99;
				GCC_DYNAMIC_NO_PIC = NO;
				GCC_OPTIMIZATION_LEVEL = 0;
				GCC_PREPROCESSOR_DEFINITIONS = (
					"DEBUG=1",
					"$(inherited)",
				);
				GCC_SYMBOLS_PRIVATE_EXTERN = NO;
				GCC_VERSION = com.apple.compilers.llvm.clang.1_0;
				GCC_WARN_ABOUT_RETURN_TYPE = YES;
				GCC_WARN_UNINITIALIZED_AUTOS = YES;
				GCC_WARN_UNUSED_VARIABLE = YES;
				IPHONEOS_DEPLOYMENT_TARGET = 5.1;
				SDKROOT = iphoneos;
			};
			name = Debug;
		};
		586BBAE915470CF600332DED /* Release */ = {
			isa = XCBuildConfiguration;
			buildSettings = {
				ALWAYS_SEARCH_USER_PATHS = NO;
				ARCHS = "$(ARCHS_STANDARD_32_BIT)";
				CLANG_ENABLE_OBJC_ARC = YES;
				COPY_PHASE_STRIP = YES;
				GCC_C_LANGUAGE_STANDARD = gnu99;
				GCC_VERSION = com.apple.compilers.llvm.clang.1_0;
				GCC_WARN_ABOUT_RETURN_TYPE = YES;
				GCC_WARN_UNINITIALIZED_AUTOS = YES;
				GCC_WARN_UNUSED_VARIABLE = YES;
				IPHONEOS_DEPLOYMENT_TARGET = 5.1;
				SDKROOT = iphoneos;
				VALIDATE_PRODUCT = YES;
			};
			name = Release;
		};
		586BBB1D15470FFE00332DED /* Debug */ = {
			isa = XCBuildConfiguration;
			buildSettings = {
				DSTROOT = /tmp/ASPEngine.dst;
				GCC_PRECOMPILE_PREFIX_HEADER = YES;
				GCC_PREFIX_HEADER = "ASPEngine/ASPEngine-Prefix.pch";
				OTHER_LDFLAGS = "-ObjC";
				PRODUCT_NAME = "$(TARGET_NAME)";
				SKIP_INSTALL = YES;
			};
			name = Debug;
		};
		586BBB1E15470FFE00332DED /* Release */ = {
			isa = XCBuildConfiguration;
			buildSettings = {
				DSTROOT = /tmp/ASPEngine.dst;
				GCC_PRECOMPILE_PREFIX_HEADER = YES;
				GCC_PREFIX_HEADER = "ASPEngine/ASPEngine-Prefix.pch";
				OTHER_LDFLAGS = "-ObjC";
				PRODUCT_NAME = "$(TARGET_NAME)";
				SKIP_INSTALL = YES;
			};
			name = Release;
		};
/* End XCBuildConfiguration section */

/* Begin XCConfigurationList section */
		586BBAD715470CF600332DED /* Build configuration list for PBXProject "ASPEngine" */ = {
			isa = XCConfigurationList;
			buildConfigurations = (
				586BBAE815470CF600332DED /* Debug */,
				586BBAE915470CF600332DED /* Release */,
			);
			defaultConfigurationIsVisible = 0;
			defaultConfigurationName = Release;
		};
		586BBB1C15470FFE00332DED /* Build configuration list for PBXNativeTarget "ASPEngine" */ = {
			isa = XCConfigurationList;
			buildConfigurations = (
				586BBB1D15470FFE00332DED /* Debug */,
				586BBB1E15470FFE00332DED /* Release */,
			);
			defaultConfigurationIsVisible = 0;
			defaultConfigurationName = Release;
		};
/* End XCConfigurationList section */
	};
	rootObject = 586BBAD415470CF600332DED /* Project object */;
}
