// !$*UTF8*$!
{
	archiveVersion = 1;
	classes = {
	};
	objectVersion = 46;
	objects = {

/* Begin PBXAggregateTarget section */
		58EDA23C15473CC400595BC8 /* ASPEngine Universal */ = {
			isa = PBXAggregateTarget;
			buildConfigurationList = 58EDA23D15473CC400595BC8 /* Build configuration list for PBXAggregateTarget "ASPEngine Universal" */;
			buildPhases = (
				58EDA24015473CCC00595BC8 /* ShellScript */,
			);
			dependencies = (
			);
			name = "ASPEngine Universal";
			productName = "ASPEngine Universal";
		};
/* End PBXAggregateTarget section */

/* Begin PBXBuildFile section */
		58EDA22C15473C4700595BC8 /* ASPGLKViewController.m in Sources */ = {isa = PBXBuildFile; fileRef = 586BBB22154710E300332DED /* ASPGLKViewController.m */; };
		58EDA22D15473C4A00595BC8 /* ASPGLSprite.m in Sources */ = {isa = PBXBuildFile; fileRef = 586BBB24154710E300332DED /* ASPGLSprite.m */; };
		58EDA22F15473C5400595BC8 /* ASPEngine.h in Headers */ = {isa = PBXBuildFile; fileRef = 586BBB1F154710E300332DED /* ASPEngine.h */; settings = {ATTRIBUTES = (Public, ); }; };
		58EDA23015473C5500595BC8 /* ASPGLKVector2Extension.h in Headers */ = {isa = PBXBuildFile; fileRef = 586BBB20154710E300332DED /* ASPGLKVector2Extension.h */; settings = {ATTRIBUTES = (Public, ); }; };
		58EDA23115473C5800595BC8 /* ASPGLSprite.h in Headers */ = {isa = PBXBuildFile; fileRef = 586BBB23154710E300332DED /* ASPGLSprite.h */; settings = {ATTRIBUTES = (Public, ); }; };
		58EDA23215473C5D00595BC8 /* ASPGLKViewController.h in Headers */ = {isa = PBXBuildFile; fileRef = 586BBB21154710E300332DED /* ASPGLKViewController.h */; settings = {ATTRIBUTES = (Public, ); }; };
/* End PBXBuildFile section */

/* Begin PBXFileReference section */
		586BBAE015470CF600332DED /* Foundation.framework */ = {isa = PBXFileReference; lastKnownFileType = wrapper.framework; name = Foundation.framework; path = System/Library/Frameworks/Foundation.framework; sourceTree = SDKROOT; };
		586BBAE415470CF600332DED /* ASPEngine-Prefix.pch */ = {isa = PBXFileReference; lastKnownFileType = sourcecode.c.h; path = "ASPEngine-Prefix.pch"; sourceTree = "<group>"; };
		586BBAF915470DD200332DED /* GLKit.framework */ = {isa = PBXFileReference; lastKnownFileType = wrapper.framework; name = GLKit.framework; path = System/Library/Frameworks/GLKit.framework; sourceTree = SDKROOT; };
		586BBAFB15470DD800332DED /* OpenGLES.framework */ = {isa = PBXFileReference; lastKnownFileType = wrapper.framework; name = OpenGLES.framework; path = System/Library/Frameworks/OpenGLES.framework; sourceTree = SDKROOT; };
		586BBAFD15470DDE00332DED /* QuartzCore.framework */ = {isa = PBXFileReference; lastKnownFileType = wrapper.framework; name = QuartzCore.framework; path = System/Library/Frameworks/QuartzCore.framework; sourceTree = SDKROOT; };
		586BBAFF15470DE800332DED /* UIKit.framework */ = {isa = PBXFileReference; lastKnownFileType = wrapper.framework; name = UIKit.framework; path = System/Library/Frameworks/UIKit.framework; sourceTree = SDKROOT; };
		586BBB1F154710E300332DED /* ASPEngine.h */ = {isa = PBXFileReference; fileEncoding = 4; lastKnownFileType = sourcecode.c.h; path = ASPEngine.h; sourceTree = "<group>"; };
		586BBB20154710E300332DED /* ASPGLKVector2Extension.h */ = {isa = PBXFileReference; fileEncoding = 4; lastKnownFileType = sourcecode.c.h; path = ASPGLKVector2Extension.h; sourceTree = "<group>"; };
		586BBB21154710E300332DED /* ASPGLKViewController.h */ = {isa = PBXFileReference; fileEncoding = 4; lastKnownFileType = sourcecode.c.h; path = ASPGLKViewController.h; sourceTree = "<group>"; };
		586BBB22154710E300332DED /* ASPGLKViewController.m */ = {isa = PBXFileReference; fileEncoding = 4; lastKnownFileType = sourcecode.c.objc; path = ASPGLKViewController.m; sourceTree = "<group>"; };
		586BBB23154710E300332DED /* ASPGLSprite.h */ = {isa = PBXFileReference; fileEncoding = 4; lastKnownFileType = sourcecode.c.h; path = ASPGLSprite.h; sourceTree = "<group>"; };
		586BBB24154710E300332DED /* ASPGLSprite.m */ = {isa = PBXFileReference; fileEncoding = 4; lastKnownFileType = sourcecode.c.objc; path = ASPGLSprite.m; sourceTree = "<group>"; };
		58EDA21B15473B4C00595BC8 /* ASPEngine.framework */ = {isa = PBXFileReference; explicitFileType = wrapper.cfbundle; includeInIndex = 0; path = ASPEngine.framework; sourceTree = BUILT_PRODUCTS_DIR; };
		58EDA22415473B4C00595BC8 /* ASPEngine-Info.plist */ = {isa = PBXFileReference; lastKnownFileType = text.plist.xml; path = "ASPEngine-Info.plist"; sourceTree = "<group>"; };
/* End PBXFileReference section */

/* Begin PBXFrameworksBuildPhase section */
		58EDA21815473B4C00595BC8 /* Frameworks */ = {
			isa = PBXFrameworksBuildPhase;
			buildActionMask = 2147483647;
			files = (
			);
			runOnlyForDeploymentPostprocessing = 0;
		};
/* End PBXFrameworksBuildPhase section */

/* Begin PBXGroup section */
		586BBAD215470CF600332DED = {
			isa = PBXGroup;
			children = (
				586BBAE215470CF600332DED /* ASPEngine */,
				586BBADF15470CF600332DED /* Frameworks */,
				586BBADE15470CF600332DED /* Products */,
			);
			sourceTree = "<group>";
		};
		586BBADE15470CF600332DED /* Products */ = {
			isa = PBXGroup;
			children = (
				58EDA21B15473B4C00595BC8 /* ASPEngine.framework */,
			);
			name = Products;
			sourceTree = "<group>";
		};
		586BBADF15470CF600332DED /* Frameworks */ = {
			isa = PBXGroup;
			children = (
				586BBAFF15470DE800332DED /* UIKit.framework */,
				586BBAFD15470DDE00332DED /* QuartzCore.framework */,
				586BBAFB15470DD800332DED /* OpenGLES.framework */,
				586BBAF915470DD200332DED /* GLKit.framework */,
				586BBAE015470CF600332DED /* Foundation.framework */,
			);
			name = Frameworks;
			sourceTree = "<group>";
		};
		586BBAE215470CF600332DED /* ASPEngine */ = {
			isa = PBXGroup;
			children = (
				586BBB1F154710E300332DED /* ASPEngine.h */,
				586BBB20154710E300332DED /* ASPGLKVector2Extension.h */,
				586BBB21154710E300332DED /* ASPGLKViewController.h */,
				586BBB22154710E300332DED /* ASPGLKViewController.m */,
				586BBB23154710E300332DED /* ASPGLSprite.h */,
				586BBB24154710E300332DED /* ASPGLSprite.m */,
				586BBAE315470CF600332DED /* Supporting Files */,
			);
			path = ASPEngine;
			sourceTree = "<group>";
		};
		586BBAE315470CF600332DED /* Supporting Files */ = {
			isa = PBXGroup;
			children = (
				586BBAE415470CF600332DED /* ASPEngine-Prefix.pch */,
				58EDA22415473B4C00595BC8 /* ASPEngine-Info.plist */,
			);
			name = "Supporting Files";
			sourceTree = "<group>";
		};
/* End PBXGroup section */

/* Begin PBXHeadersBuildPhase section */
		58EDA22E15473C4E00595BC8 /* Headers */ = {
			isa = PBXHeadersBuildPhase;
			buildActionMask = 2147483647;
			files = (
				58EDA22F15473C5400595BC8 /* ASPEngine.h in Headers */,
				58EDA23015473C5500595BC8 /* ASPGLKVector2Extension.h in Headers */,
				58EDA23215473C5D00595BC8 /* ASPGLKViewController.h in Headers */,
				58EDA23115473C5800595BC8 /* ASPGLSprite.h in Headers */,
			);
			runOnlyForDeploymentPostprocessing = 0;
		};
/* End PBXHeadersBuildPhase section */

/* Begin PBXNativeTarget section */
		58EDA21A15473B4C00595BC8 /* ASPEngine */ = {
			isa = PBXNativeTarget;
			buildConfigurationList = 58EDA22915473B4C00595BC8 /* Build configuration list for PBXNativeTarget "ASPEngine" */;
			buildPhases = (
				58EDA21715473B4C00595BC8 /* Sources */,
				58EDA21815473B4C00595BC8 /* Frameworks */,
				58EDA21915473B4C00595BC8 /* Resources */,
				58EDA22E15473C4E00595BC8 /* Headers */,
			);
			buildRules = (
			);
			dependencies = (
			);
			name = ASPEngine;
			productName = ASPEngine;
			productReference = 58EDA21B15473B4C00595BC8 /* ASPEngine.framework */;
			productType = "com.apple.product-type.bundle";
		};
/* End PBXNativeTarget section */

/* Begin PBXProject section */
		586BBAD415470CF600332DED /* Project object */ = {
			isa = PBXProject;
			attributes = {
				LastUpgradeCheck = 0430;
				ORGANIZATIONNAME = "MIPT iLab";
			};
			buildConfigurationList = 586BBAD715470CF600332DED /* Build configuration list for PBXProject "ASPEngine" */;
			compatibilityVersion = "Xcode 3.2";
			developmentRegion = English;
			hasScannedForEncodings = 0;
			knownRegions = (
				en,
			);
			mainGroup = 586BBAD215470CF600332DED;
			productRefGroup = 586BBADE15470CF600332DED /* Products */;
			projectDirPath = "";
			projectRoot = "";
			targets = (
				58EDA21A15473B4C00595BC8 /* ASPEngine */,
				58EDA23C15473CC400595BC8 /* ASPEngine Universal */,
			);
		};
/* End PBXProject section */

/* Begin PBXResourcesBuildPhase section */
		58EDA21915473B4C00595BC8 /* Resources */ = {
			isa = PBXResourcesBuildPhase;
			buildActionMask = 2147483647;
			files = (
			);
			runOnlyForDeploymentPostprocessing = 0;
		};
/* End PBXResourcesBuildPhase section */

/* Begin PBXShellScriptBuildPhase section */
		58EDA24015473CCC00595BC8 /* ShellScript */ = {
			isa = PBXShellScriptBuildPhase;
			buildActionMask = 2147483647;
			files = (
			);
			inputPaths = (
			);
			outputPaths = (
			);
			runOnlyForDeploymentPostprocessing = 0;
			shellPath = /bin/sh;
			shellScript = "# Sets the target folders and the final framework product.\nFMK_NAME=ASPEngine\nFMK_VERSION=A\n\n# Install dir will be the final output to the framework.\n# The following line create it in the root folder of the current project.\nINSTALL_DIR=${SRCROOT}/Products/${FMK_NAME}.framework\n\n# Working dir will be deleted after the framework creation.\nWRK_DIR=build\nDEVICE_DIR=${WRK_DIR}/Release-iphoneos/${FMK_NAME}.framework\nSIMULATOR_DIR=${WRK_DIR}/Release-iphonesimulator/${FMK_NAME}.framework\n\n# Building both architectures.\nxcodebuild -configuration \"Release\" -target \"${FMK_NAME}\" -sdk iphoneos\nxcodebuild -configuration \"Release\" -target \"${FMK_NAME}\" -sdk iphonesimulator\n\n# Cleaning the oldest.\nif [ -d \"${INSTALL_DIR}\" ]\nthen\nrm -rf \"${INSTALL_DIR}\"\nfi\n\n# Creates and renews the final product folder.\nmkdir -p \"${INSTALL_DIR}\"\nmkdir -p \"${INSTALL_DIR}/Versions\"\nmkdir -p \"${INSTALL_DIR}/Versions/${FMK_VERSION}\"\nmkdir -p \"${INSTALL_DIR}/Versions/${FMK_VERSION}/Resources\"\nmkdir -p \"${INSTALL_DIR}/Versions/${FMK_VERSION}/Headers\"\n\n# Creates the internal links.\n# It MUST uses relative path, otherwise will not work when the folder is copied/moved.\nln -s \"${FMK_VERSION}\" \"${INSTALL_DIR}/Versions/Current\"\nln -s \"Versions/Current/Headers\" \"${INSTALL_DIR}/Headers\"\nln -s \"Versions/Current/Resources\" \"${INSTALL_DIR}/Resources\"\nln -s \"Versions/Current/${FMK_NAME}\" \"${INSTALL_DIR}/${FMK_NAME}\"\n\n# Copies the headers and resources files to the final product folder.\ncp -R \"${DEVICE_DIR}/Headers/\" \"${INSTALL_DIR}/Versions/${FMK_VERSION}/Headers/\"\ncp -R \"${DEVICE_DIR}/\" \"${INSTALL_DIR}/Versions/${FMK_VERSION}/Resources/\"\n\n# Removes the binary and header from the resources folder.\nrm -r \"${INSTALL_DIR}/Versions/${FMK_VERSION}/Resources/Headers\" \"${INSTALL_DIR}/Versions/${FMK_VERSION}/Resources/${FMK_NAME}\"\n\n# Uses the Lipo Tool to merge both binary files (i386 + armv6/armv7) into one Universal final product.\nlipo -create \"${DEVICE_DIR}/${FMK_NAME}\" \"${SIMULATOR_DIR}/${FMK_NAME}\" -output \"${INSTALL_DIR}/Versions/${FMK_VERSION}/${FMK_NAME}\"\n\nrm -r \"${WRK_DIR}\"\n";
		};
/* End PBXShellScriptBuildPhase section */

/* Begin PBXSourcesBuildPhase section */
		58EDA21715473B4C00595BC8 /* Sources */ = {
			isa = PBXSourcesBuildPhase;
			buildActionMask = 2147483647;
			files = (
				58EDA22C15473C4700595BC8 /* ASPGLKViewController.m in Sources */,
				58EDA22D15473C4A00595BC8 /* ASPGLSprite.m in Sources */,
			);
			runOnlyForDeploymentPostprocessing = 0;
		};
/* End PBXSourcesBuildPhase section */

/* Begin XCBuildConfiguration section */
		586BBAE815470CF600332DED /* Debug */ = {
			isa = XCBuildConfiguration;
			buildSettings = {
				ALWAYS_SEARCH_USER_PATHS = NO;
				ARCHS = "$(ARCHS_STANDARD_32_BIT)";
				CLANG_ENABLE_OBJC_ARC = YES;
				COPY_PHASE_STRIP = NO;
				GCC_C_LANGUAGE_STANDARD = gnu99;
				GCC_DYNAMIC_NO_PIC = NO;
				GCC_OPTIMIZATION_LEVEL = 0;
				GCC_PREPROCESSOR_DEFINITIONS = (
					"DEBUG=1",
					"$(inherited)",
				);
				GCC_SYMBOLS_PRIVATE_EXTERN = NO;
				GCC_VERSION = com.apple.compilers.llvm.clang.1_0;
				GCC_WARN_ABOUT_RETURN_TYPE = YES;
				GCC_WARN_UNINITIALIZED_AUTOS = YES;
				GCC_WARN_UNUSED_VARIABLE = YES;
				IPHONEOS_DEPLOYMENT_TARGET = 5.1;
				SDKROOT = iphoneos;
			};
			name = Debug;
		};
		586BBAE915470CF600332DED /* Release */ = {
			isa = XCBuildConfiguration;
			buildSettings = {
				ALWAYS_SEARCH_USER_PATHS = NO;
				ARCHS = "$(ARCHS_STANDARD_32_BIT)";
				CLANG_ENABLE_OBJC_ARC = YES;
				COPY_PHASE_STRIP = YES;
				GCC_C_LANGUAGE_STANDARD = gnu99;
				GCC_VERSION = com.apple.compilers.llvm.clang.1_0;
				GCC_WARN_ABOUT_RETURN_TYPE = YES;
				GCC_WARN_UNINITIALIZED_AUTOS = YES;
				GCC_WARN_UNUSED_VARIABLE = YES;
				IPHONEOS_DEPLOYMENT_TARGET = 5.1;
				SDKROOT = iphoneos;
				VALIDATE_PRODUCT = YES;
			};
			name = Release;
		};
		58EDA22A15473B4C00595BC8 /* Debug */ = {
			isa = XCBuildConfiguration;
			buildSettings = {
				ARCHS = "$(ARCHS_STANDARD_32_BIT)";
				DEAD_CODE_STRIPPING = NO;
				FRAMEWORK_SEARCH_PATHS = (
					"$(inherited)",
					"\"$(SYSTEM_APPS_DIR)/Xcode.app/Contents/Developer/Library/Frameworks\"",
				);
				GCC_ENABLE_OBJC_EXCEPTIONS = YES;
				GCC_PRECOMPILE_PREFIX_HEADER = YES;
				GCC_PREFIX_HEADER = "ASPEngine/ASPEngine-Prefix.pch";
				GCC_WARN_64_TO_32_BIT_CONVERSION = YES;
				INFOPLIST_FILE = "ASPEngine/ASPEngine-Info.plist";
				INSTALL_PATH = "$(LOCAL_LIBRARY_DIR)/Bundles";
				LINK_WITH_STANDARD_LIBRARIES = NO;
				MACH_O_TYPE = mh_object;
				MACOSX_DEPLOYMENT_TARGET = 10.7;
				ONLY_ACTIVE_ARCH = NO;
				PRODUCT_NAME = "$(TARGET_NAME)";
				SDKROOT = iphoneos;
				WRAPPER_EXTENSION = framework;
			};
			name = Debug;
		};
		58EDA22B15473B4C00595BC8 /* Release */ = {
			isa = XCBuildConfiguration;
			buildSettings = {
				ARCHS = "$(ARCHS_STANDARD_32_BIT)";
				DEAD_CODE_STRIPPING = NO;
				DEBUG_INFORMATION_FORMAT = "dwarf-with-dsym";
				FRAMEWORK_SEARCH_PATHS = (
					"$(inherited)",
					"\"$(SYSTEM_APPS_DIR)/Xcode.app/Contents/Developer/Library/Frameworks\"",
				);
				GCC_ENABLE_OBJC_EXCEPTIONS = YES;
				GCC_PRECOMPILE_PREFIX_HEADER = YES;
				GCC_PREFIX_HEADER = "ASPEngine/ASPEngine-Prefix.pch";
				GCC_WARN_64_TO_32_BIT_CONVERSION = YES;
				INFOPLIST_FILE = "ASPEngine/ASPEngine-Info.plist";
				INSTALL_PATH = "$(LOCAL_LIBRARY_DIR)/Bundles";
				LINK_WITH_STANDARD_LIBRARIES = NO;
				MACH_O_TYPE = mh_object;
				MACOSX_DEPLOYMENT_TARGET = 10.7;
				ONLY_ACTIVE_ARCH = NO;
				PRODUCT_NAME = "$(TARGET_NAME)";
				SDKROOT = iphoneos;
				WRAPPER_EXTENSION = framework;
			};
			name = Release;
		};
		58EDA23E15473CC400595BC8 /* Debug */ = {
			isa = XCBuildConfiguration;
			buildSettings = {
				PRODUCT_NAME = "$(TARGET_NAME)";
			};
			name = Debug;
		};
		58EDA23F15473CC400595BC8 /* Release */ = {
			isa = XCBuildConfiguration;
			buildSettings = {
				PRODUCT_NAME = "$(TARGET_NAME)";
			};
			name = Release;
		};
/* End XCBuildConfiguration section */

/* Begin XCConfigurationList section */
		586BBAD715470CF600332DED /* Build configuration list for PBXProject "ASPEngine" */ = {
			isa = XCConfigurationList;
			buildConfigurations = (
				586BBAE815470CF600332DED /* Debug */,
				586BBAE915470CF600332DED /* Release */,
			);
			defaultConfigurationIsVisible = 0;
			defaultConfigurationName = Release;
		};
		58EDA22915473B4C00595BC8 /* Build configuration list for PBXNativeTarget "ASPEngine" */ = {
			isa = XCConfigurationList;
			buildConfigurations = (
				58EDA22A15473B4C00595BC8 /* Debug */,
				58EDA22B15473B4C00595BC8 /* Release */,
			);
			defaultConfigurationIsVisible = 0;
		};
		58EDA23D15473CC400595BC8 /* Build configuration list for PBXAggregateTarget "ASPEngine Universal" */ = {
			isa = XCConfigurationList;
			buildConfigurations = (
				58EDA23E15473CC400595BC8 /* Debug */,
				58EDA23F15473CC400595BC8 /* Release */,
			);
			defaultConfigurationIsVisible = 0;
		};
/* End XCConfigurationList section */
	};
	rootObject = 586BBAD415470CF600332DED /* Project object */;
}
